// !$*UTF8*$!
{
	archiveVersion = 1;
	classes = {
	};
	objectVersion = 56;
	objects = {

/* Begin PBXBuildFile section */
		A740688B2C29B4C2001358EA /* SearchAlgorithmApp.swift in Sources */ = {isa = PBXBuildFile; fileRef = A740688A2C29B4C2001358EA /* SearchAlgorithmApp.swift */; };
		A740688D2C29B4C2001358EA /* HomeView.swift in Sources */ = {isa = PBXBuildFile; fileRef = A740688C2C29B4C2001358EA /* HomeView.swift */; };
		A740688F2C29B4C3001358EA /* Assets.xcassets in Resources */ = {isa = PBXBuildFile; fileRef = A740688E2C29B4C3001358EA /* Assets.xcassets */; };
		A74068922C29B4C3001358EA /* Preview Assets.xcassets in Resources */ = {isa = PBXBuildFile; fileRef = A74068912C29B4C3001358EA /* Preview Assets.xcassets */; };
		A74068992C29BCE4001358EA /* GenerateGraph.swift in Sources */ = {isa = PBXBuildFile; fileRef = A74068982C29BCE4001358EA /* GenerateGraph.swift */; };
		A740689C2C29BD1B001358EA /* BFS.swift in Sources */ = {isa = PBXBuildFile; fileRef = A740689B2C29BD1B001358EA /* BFS.swift */; };
		A740689E2C2AFCD9001358EA /* DFS.swift in Sources */ = {isa = PBXBuildFile; fileRef = A740689D2C2AFCD9001358EA /* DFS.swift */; };
		A74068A12C2C3921001358EA /* GridView.swift in Sources */ = {isa = PBXBuildFile; fileRef = A74068A02C2C3921001358EA /* GridView.swift */; };
		A74068A32C2C3B04001358EA /* SelectionView.swift in Sources */ = {isa = PBXBuildFile; fileRef = A74068A22C2C3B04001358EA /* SelectionView.swift */; };
		A74068A62C2C3E03001358EA /* AlgorithmModel.swift in Sources */ = {isa = PBXBuildFile; fileRef = A74068A52C2C3E03001358EA /* AlgorithmModel.swift */; };
		A74068A82C2C3EF9001358EA /* HomeViewModel.swift in Sources */ = {isa = PBXBuildFile; fileRef = A74068A72C2C3EF9001358EA /* HomeViewModel.swift */; };
		A74068AB2C2C4950001358EA /* Dependencies.swift in Sources */ = {isa = PBXBuildFile; fileRef = A74068AA2C2C4950001358EA /* Dependencies.swift */; };
		A74068AD2C2C499C001358EA /* ViewFactory.swift in Sources */ = {isa = PBXBuildFile; fileRef = A74068AC2C2C499C001358EA /* ViewFactory.swift */; };
		A74068B12C2C4A7F001358EA /* GridViewModel.swift in Sources */ = {isa = PBXBuildFile; fileRef = A74068B02C2C4A7F001358EA /* GridViewModel.swift */; };
		A74068B32C2C4CDD001358EA /* AlgorithmProtocol.swift in Sources */ = {isa = PBXBuildFile; fileRef = A74068B22C2C4CDD001358EA /* AlgorithmProtocol.swift */; };
		A74068B52C2C4DAB001358EA /* SelectionViewModel.swift in Sources */ = {isa = PBXBuildFile; fileRef = A74068B42C2C4DAB001358EA /* SelectionViewModel.swift */; };
		A74068B82C2D8EE2001358EA /* OnboardingView.swift in Sources */ = {isa = PBXBuildFile; fileRef = A74068B72C2D8EE2001358EA /* OnboardingView.swift */; };
		A74068BA2C2D9740001358EA /* AboutButton.swift in Sources */ = {isa = PBXBuildFile; fileRef = A74068B92C2D9740001358EA /* AboutButton.swift */; };
		A74068BC2C2DA994001358EA /* QuestionButton.swift in Sources */ = {isa = PBXBuildFile; fileRef = A74068BB2C2DA994001358EA /* QuestionButton.swift */; };
		F2ECD1462C2D8479009F8C3C /* BidirectionaBFS.swift in Sources */ = {isa = PBXBuildFile; fileRef = F2ECD1452C2D8479009F8C3C /* BidirectionaBFS.swift */; };
		F2ECD1482C2EFE44009F8C3C /* BidirectionalDFS.swift in Sources */ = {isa = PBXBuildFile; fileRef = F2ECD1472C2EFE44009F8C3C /* BidirectionalDFS.swift */; };
/* End PBXBuildFile section */

/* Begin PBXFileReference section */
		A74068872C29B4C2001358EA /* SearchAlgorithm.app */ = {isa = PBXFileReference; explicitFileType = wrapper.application; includeInIndex = 0; path = SearchAlgorithm.app; sourceTree = BUILT_PRODUCTS_DIR; };
		A740688A2C29B4C2001358EA /* SearchAlgorithmApp.swift */ = {isa = PBXFileReference; lastKnownFileType = sourcecode.swift; path = SearchAlgorithmApp.swift; sourceTree = "<group>"; };
		A740688C2C29B4C2001358EA /* HomeView.swift */ = {isa = PBXFileReference; lastKnownFileType = sourcecode.swift; path = HomeView.swift; sourceTree = "<group>"; };
		A740688E2C29B4C3001358EA /* Assets.xcassets */ = {isa = PBXFileReference; lastKnownFileType = folder.assetcatalog; path = Assets.xcassets; sourceTree = "<group>"; };
		A74068912C29B4C3001358EA /* Preview Assets.xcassets */ = {isa = PBXFileReference; lastKnownFileType = folder.assetcatalog; path = "Preview Assets.xcassets"; sourceTree = "<group>"; };
		A74068982C29BCE4001358EA /* GenerateGraph.swift */ = {isa = PBXFileReference; lastKnownFileType = sourcecode.swift; path = GenerateGraph.swift; sourceTree = "<group>"; };
		A740689B2C29BD1B001358EA /* BFS.swift */ = {isa = PBXFileReference; lastKnownFileType = sourcecode.swift; path = BFS.swift; sourceTree = "<group>"; };
		A740689D2C2AFCD9001358EA /* DFS.swift */ = {isa = PBXFileReference; lastKnownFileType = sourcecode.swift; path = DFS.swift; sourceTree = "<group>"; };
		A74068A02C2C3921001358EA /* GridView.swift */ = {isa = PBXFileReference; lastKnownFileType = sourcecode.swift; path = GridView.swift; sourceTree = "<group>"; };
		A74068A22C2C3B04001358EA /* SelectionView.swift */ = {isa = PBXFileReference; lastKnownFileType = sourcecode.swift; path = SelectionView.swift; sourceTree = "<group>"; };
		A74068A52C2C3E03001358EA /* AlgorithmModel.swift */ = {isa = PBXFileReference; lastKnownFileType = sourcecode.swift; path = AlgorithmModel.swift; sourceTree = "<group>"; };
		A74068A72C2C3EF9001358EA /* HomeViewModel.swift */ = {isa = PBXFileReference; lastKnownFileType = sourcecode.swift; path = HomeViewModel.swift; sourceTree = "<group>"; };
		A74068AA2C2C4950001358EA /* Dependencies.swift */ = {isa = PBXFileReference; lastKnownFileType = sourcecode.swift; path = Dependencies.swift; sourceTree = "<group>"; };
		A74068AC2C2C499C001358EA /* ViewFactory.swift */ = {isa = PBXFileReference; lastKnownFileType = sourcecode.swift; path = ViewFactory.swift; sourceTree = "<group>"; };
		A74068B02C2C4A7F001358EA /* GridViewModel.swift */ = {isa = PBXFileReference; lastKnownFileType = sourcecode.swift; path = GridViewModel.swift; sourceTree = "<group>"; };
		A74068B22C2C4CDD001358EA /* AlgorithmProtocol.swift */ = {isa = PBXFileReference; lastKnownFileType = sourcecode.swift; path = AlgorithmProtocol.swift; sourceTree = "<group>"; };
		A74068B42C2C4DAB001358EA /* SelectionViewModel.swift */ = {isa = PBXFileReference; lastKnownFileType = sourcecode.swift; path = SelectionViewModel.swift; sourceTree = "<group>"; };
		A74068B72C2D8EE2001358EA /* OnboardingView.swift */ = {isa = PBXFileReference; lastKnownFileType = sourcecode.swift; path = OnboardingView.swift; sourceTree = "<group>"; };
		A74068B92C2D9740001358EA /* AboutButton.swift */ = {isa = PBXFileReference; lastKnownFileType = sourcecode.swift; path = AboutButton.swift; sourceTree = "<group>"; };
		A74068BB2C2DA994001358EA /* QuestionButton.swift */ = {isa = PBXFileReference; lastKnownFileType = sourcecode.swift; path = QuestionButton.swift; sourceTree = "<group>"; };
		F2ECD1452C2D8479009F8C3C /* BidirectionaBFS.swift */ = {isa = PBXFileReference; lastKnownFileType = sourcecode.swift; path = BidirectionaBFS.swift; sourceTree = "<group>"; };
		F2ECD1472C2EFE44009F8C3C /* BidirectionalDFS.swift */ = {isa = PBXFileReference; lastKnownFileType = sourcecode.swift; path = BidirectionalDFS.swift; sourceTree = "<group>"; };
/* End PBXFileReference section */

/* Begin PBXFrameworksBuildPhase section */
		A74068842C29B4C2001358EA /* Frameworks */ = {
			isa = PBXFrameworksBuildPhase;
			buildActionMask = 2147483647;
			files = (
			);
			runOnlyForDeploymentPostprocessing = 0;
		};
/* End PBXFrameworksBuildPhase section */

/* Begin PBXGroup section */
		A740687E2C29B4C2001358EA = {
			isa = PBXGroup;
			children = (
				A74068892C29B4C2001358EA /* SearchAlgorithm */,
				A74068882C29B4C2001358EA /* Products */,
			);
			sourceTree = "<group>";
		};
		A74068882C29B4C2001358EA /* Products */ = {
			isa = PBXGroup;
			children = (
				A74068872C29B4C2001358EA /* SearchAlgorithm.app */,
			);
			name = Products;
			sourceTree = "<group>";
		};
		A74068892C29B4C2001358EA /* SearchAlgorithm */ = {
			isa = PBXGroup;
			children = (
				A740688A2C29B4C2001358EA /* SearchAlgorithmApp.swift */,
				A74068AA2C2C4950001358EA /* Dependencies.swift */,
				A74068AC2C2C499C001358EA /* ViewFactory.swift */,
				A74068AE2C2C4A22001358EA /* Service */,
				A740689A2C29BD0A001358EA /* View */,
				A740688E2C29B4C3001358EA /* Assets.xcassets */,
				A74068902C29B4C3001358EA /* Preview Content */,
			);
			path = SearchAlgorithm;
			sourceTree = "<group>";
		};
		A74068902C29B4C3001358EA /* Preview Content */ = {
			isa = PBXGroup;
			children = (
				A74068912C29B4C3001358EA /* Preview Assets.xcassets */,
			);
			path = "Preview Content";
			sourceTree = "<group>";
		};
		A740689A2C29BD0A001358EA /* View */ = {
			isa = PBXGroup;
			children = (
				A74068B62C2D8ED1001358EA /* Onboarding */,
				A74068A52C2C3E03001358EA /* AlgorithmModel.swift */,
				A74068B22C2C4CDD001358EA /* AlgorithmProtocol.swift */,
				A74068AF2C2C4A61001358EA /* Algorithm */,
				A74068A42C2C3DF9001358EA /* Selection */,
				A740689F2C2C3785001358EA /* Grid */,
			);
			path = View;
			sourceTree = "<group>";
		};
		A740689F2C2C3785001358EA /* Grid */ = {
			isa = PBXGroup;
			children = (
				A74068A02C2C3921001358EA /* GridView.swift */,
				A74068B02C2C4A7F001358EA /* GridViewModel.swift */,
			);
			path = Grid;
			sourceTree = "<group>";
		};
		A74068A42C2C3DF9001358EA /* Selection */ = {
			isa = PBXGroup;
			children = (
				A74068A22C2C3B04001358EA /* SelectionView.swift */,
				A74068B42C2C4DAB001358EA /* SelectionViewModel.swift */,
			);
			path = Selection;
			sourceTree = "<group>";
		};
		A74068AE2C2C4A22001358EA /* Service */ = {
			isa = PBXGroup;
			children = (
				A740689B2C29BD1B001358EA /* BFS.swift */,
				F2ECD1452C2D8479009F8C3C /* BidirectionaBFS.swift */,
				A740689D2C2AFCD9001358EA /* DFS.swift */,
				F2ECD1472C2EFE44009F8C3C /* BidirectionalDFS.swift */,
				A74068982C29BCE4001358EA /* GenerateGraph.swift */,
			);
			path = Service;
			sourceTree = "<group>";
		};
		A74068AF2C2C4A61001358EA /* Algorithm */ = {
			isa = PBXGroup;
			children = (
				A740688C2C29B4C2001358EA /* HomeView.swift */,
				A74068A72C2C3EF9001358EA /* HomeViewModel.swift */,
				A74068B92C2D9740001358EA /* AboutButton.swift */,
				A74068BB2C2DA994001358EA /* QuestionButton.swift */,
			);
			path = Algorithm;
			sourceTree = "<group>";
		};
		A74068B62C2D8ED1001358EA /* Onboarding */ = {
			isa = PBXGroup;
			children = (
				A74068B72C2D8EE2001358EA /* OnboardingView.swift */,
			);
			path = Onboarding;
			sourceTree = "<group>";
		};
/* End PBXGroup section */

/* Begin PBXNativeTarget section */
		A74068862C29B4C2001358EA /* SearchAlgorithm */ = {
			isa = PBXNativeTarget;
			buildConfigurationList = A74068952C29B4C3001358EA /* Build configuration list for PBXNativeTarget "SearchAlgorithm" */;
			buildPhases = (
				A74068832C29B4C2001358EA /* Sources */,
				A74068842C29B4C2001358EA /* Frameworks */,
				A74068852C29B4C2001358EA /* Resources */,
			);
			buildRules = (
			);
			dependencies = (
			);
			name = SearchAlgorithm;
			productName = SearchAlgorithm;
			productReference = A74068872C29B4C2001358EA /* SearchAlgorithm.app */;
			productType = "com.apple.product-type.application";
		};
/* End PBXNativeTarget section */

/* Begin PBXProject section */
		A740687F2C29B4C2001358EA /* Project object */ = {
			isa = PBXProject;
			attributes = {
				BuildIndependentTargetsInParallel = 1;
				LastSwiftUpdateCheck = 1540;
				LastUpgradeCheck = 1540;
				TargetAttributes = {
					A74068862C29B4C2001358EA = {
						CreatedOnToolsVersion = 15.4;
					};
				};
			};
			buildConfigurationList = A74068822C29B4C2001358EA /* Build configuration list for PBXProject "SearchAlgorithm" */;
			compatibilityVersion = "Xcode 14.0";
			developmentRegion = en;
			hasScannedForEncodings = 0;
			knownRegions = (
				en,
				Base,
			);
			mainGroup = A740687E2C29B4C2001358EA;
			productRefGroup = A74068882C29B4C2001358EA /* Products */;
			projectDirPath = "";
			projectRoot = "";
			targets = (
				A74068862C29B4C2001358EA /* SearchAlgorithm */,
			);
		};
/* End PBXProject section */

/* Begin PBXResourcesBuildPhase section */
		A74068852C29B4C2001358EA /* Resources */ = {
			isa = PBXResourcesBuildPhase;
			buildActionMask = 2147483647;
			files = (
				A74068922C29B4C3001358EA /* Preview Assets.xcassets in Resources */,
				A740688F2C29B4C3001358EA /* Assets.xcassets in Resources */,
			);
			runOnlyForDeploymentPostprocessing = 0;
		};
/* End PBXResourcesBuildPhase section */

/* Begin PBXSourcesBuildPhase section */
		A74068832C29B4C2001358EA /* Sources */ = {
			isa = PBXSourcesBuildPhase;
			buildActionMask = 2147483647;
			files = (
				A74068B12C2C4A7F001358EA /* GridViewModel.swift in Sources */,
				A74068992C29BCE4001358EA /* GenerateGraph.swift in Sources */,
				A740688D2C29B4C2001358EA /* HomeView.swift in Sources */,
				A74068BA2C2D9740001358EA /* AboutButton.swift in Sources */,
				A74068B82C2D8EE2001358EA /* OnboardingView.swift in Sources */,
				A74068B32C2C4CDD001358EA /* AlgorithmProtocol.swift in Sources */,
				A74068A82C2C3EF9001358EA /* HomeViewModel.swift in Sources */,
				A740688B2C29B4C2001358EA /* SearchAlgorithmApp.swift in Sources */,
				A740689C2C29BD1B001358EA /* BFS.swift in Sources */,
				A74068BC2C2DA994001358EA /* QuestionButton.swift in Sources */,
				A74068A12C2C3921001358EA /* GridView.swift in Sources */,
				F2ECD1462C2D8479009F8C3C /* BidirectionaBFS.swift in Sources */,
				A74068A32C2C3B04001358EA /* SelectionView.swift in Sources */,
				A740689E2C2AFCD9001358EA /* DFS.swift in Sources */,
				A74068AD2C2C499C001358EA /* ViewFactory.swift in Sources */,
				A74068AB2C2C4950001358EA /* Dependencies.swift in Sources */,
				A74068A62C2C3E03001358EA /* AlgorithmModel.swift in Sources */,
				F2ECD1482C2EFE44009F8C3C /* BidirectionalDFS.swift in Sources */,
				A74068B52C2C4DAB001358EA /* SelectionViewModel.swift in Sources */,
			);
			runOnlyForDeploymentPostprocessing = 0;
		};
/* End PBXSourcesBuildPhase section */

/* Begin XCBuildConfiguration section */
		A74068932C29B4C3001358EA /* Debug */ = {
			isa = XCBuildConfiguration;
			buildSettings = {
				ALWAYS_SEARCH_USER_PATHS = NO;
				ASSETCATALOG_COMPILER_GENERATE_SWIFT_ASSET_SYMBOL_EXTENSIONS = YES;
				CLANG_ANALYZER_NONNULL = YES;
				CLANG_ANALYZER_NUMBER_OBJECT_CONVERSION = YES_AGGRESSIVE;
				CLANG_CXX_LANGUAGE_STANDARD = "gnu++20";
				CLANG_ENABLE_MODULES = YES;
				CLANG_ENABLE_OBJC_ARC = YES;
				CLANG_ENABLE_OBJC_WEAK = YES;
				CLANG_WARN_BLOCK_CAPTURE_AUTORELEASING = YES;
				CLANG_WARN_BOOL_CONVERSION = YES;
				CLANG_WARN_COMMA = YES;
				CLANG_WARN_CONSTANT_CONVERSION = YES;
				CLANG_WARN_DEPRECATED_OBJC_IMPLEMENTATIONS = YES;
				CLANG_WARN_DIRECT_OBJC_ISA_USAGE = YES_ERROR;
				CLANG_WARN_DOCUMENTATION_COMMENTS = YES;
				CLANG_WARN_EMPTY_BODY = YES;
				CLANG_WARN_ENUM_CONVERSION = YES;
				CLANG_WARN_INFINITE_RECURSION = YES;
				CLANG_WARN_INT_CONVERSION = YES;
				CLANG_WARN_NON_LITERAL_NULL_CONVERSION = YES;
				CLANG_WARN_OBJC_IMPLICIT_RETAIN_SELF = YES;
				CLANG_WARN_OBJC_LITERAL_CONVERSION = YES;
				CLANG_WARN_OBJC_ROOT_CLASS = YES_ERROR;
				CLANG_WARN_QUOTED_INCLUDE_IN_FRAMEWORK_HEADER = YES;
				CLANG_WARN_RANGE_LOOP_ANALYSIS = YES;
				CLANG_WARN_STRICT_PROTOTYPES = YES;
				CLANG_WARN_SUSPICIOUS_MOVE = YES;
				CLANG_WARN_UNGUARDED_AVAILABILITY = YES_AGGRESSIVE;
				CLANG_WARN_UNREACHABLE_CODE = YES;
				CLANG_WARN__DUPLICATE_METHOD_MATCH = YES;
				COPY_PHASE_STRIP = NO;
				DEBUG_INFORMATION_FORMAT = dwarf;
				ENABLE_STRICT_OBJC_MSGSEND = YES;
				ENABLE_TESTABILITY = YES;
				ENABLE_USER_SCRIPT_SANDBOXING = YES;
				GCC_C_LANGUAGE_STANDARD = gnu17;
				GCC_DYNAMIC_NO_PIC = NO;
				GCC_NO_COMMON_BLOCKS = YES;
				GCC_OPTIMIZATION_LEVEL = 0;
				GCC_PREPROCESSOR_DEFINITIONS = (
					"DEBUG=1",
					"$(inherited)",
				);
				GCC_WARN_64_TO_32_BIT_CONVERSION = YES;
				GCC_WARN_ABOUT_RETURN_TYPE = YES_ERROR;
				GCC_WARN_UNDECLARED_SELECTOR = YES;
				GCC_WARN_UNINITIALIZED_AUTOS = YES_AGGRESSIVE;
				GCC_WARN_UNUSED_FUNCTION = YES;
				GCC_WARN_UNUSED_VARIABLE = YES;
				IPHONEOS_DEPLOYMENT_TARGET = 17.5;
				LOCALIZATION_PREFERS_STRING_CATALOGS = YES;
				MTL_ENABLE_DEBUG_INFO = INCLUDE_SOURCE;
				MTL_FAST_MATH = YES;
				ONLY_ACTIVE_ARCH = YES;
				SDKROOT = iphoneos;
				SWIFT_ACTIVE_COMPILATION_CONDITIONS = "DEBUG $(inherited)";
				SWIFT_OPTIMIZATION_LEVEL = "-Onone";
			};
			name = Debug;
		};
		A74068942C29B4C3001358EA /* Release */ = {
			isa = XCBuildConfiguration;
			buildSettings = {
				ALWAYS_SEARCH_USER_PATHS = NO;
				ASSETCATALOG_COMPILER_GENERATE_SWIFT_ASSET_SYMBOL_EXTENSIONS = YES;
				CLANG_ANALYZER_NONNULL = YES;
				CLANG_ANALYZER_NUMBER_OBJECT_CONVERSION = YES_AGGRESSIVE;
				CLANG_CXX_LANGUAGE_STANDARD = "gnu++20";
				CLANG_ENABLE_MODULES = YES;
				CLANG_ENABLE_OBJC_ARC = YES;
				CLANG_ENABLE_OBJC_WEAK = YES;
				CLANG_WARN_BLOCK_CAPTURE_AUTORELEASING = YES;
				CLANG_WARN_BOOL_CONVERSION = YES;
				CLANG_WARN_COMMA = YES;
				CLANG_WARN_CONSTANT_CONVERSION = YES;
				CLANG_WARN_DEPRECATED_OBJC_IMPLEMENTATIONS = YES;
				CLANG_WARN_DIRECT_OBJC_ISA_USAGE = YES_ERROR;
				CLANG_WARN_DOCUMENTATION_COMMENTS = YES;
				CLANG_WARN_EMPTY_BODY = YES;
				CLANG_WARN_ENUM_CONVERSION = YES;
				CLANG_WARN_INFINITE_RECURSION = YES;
				CLANG_WARN_INT_CONVERSION = YES;
				CLANG_WARN_NON_LITERAL_NULL_CONVERSION = YES;
				CLANG_WARN_OBJC_IMPLICIT_RETAIN_SELF = YES;
				CLANG_WARN_OBJC_LITERAL_CONVERSION = YES;
				CLANG_WARN_OBJC_ROOT_CLASS = YES_ERROR;
				CLANG_WARN_QUOTED_INCLUDE_IN_FRAMEWORK_HEADER = YES;
				CLANG_WARN_RANGE_LOOP_ANALYSIS = YES;
				CLANG_WARN_STRICT_PROTOTYPES = YES;
				CLANG_WARN_SUSPICIOUS_MOVE = YES;
				CLANG_WARN_UNGUARDED_AVAILABILITY = YES_AGGRESSIVE;
				CLANG_WARN_UNREACHABLE_CODE = YES;
				CLANG_WARN__DUPLICATE_METHOD_MATCH = YES;
				COPY_PHASE_STRIP = NO;
				DEBUG_INFORMATION_FORMAT = "dwarf-with-dsym";
				ENABLE_NS_ASSERTIONS = NO;
				ENABLE_STRICT_OBJC_MSGSEND = YES;
				ENABLE_USER_SCRIPT_SANDBOXING = YES;
				GCC_C_LANGUAGE_STANDARD = gnu17;
				GCC_NO_COMMON_BLOCKS = YES;
				GCC_WARN_64_TO_32_BIT_CONVERSION = YES;
				GCC_WARN_ABOUT_RETURN_TYPE = YES_ERROR;
				GCC_WARN_UNDECLARED_SELECTOR = YES;
				GCC_WARN_UNINITIALIZED_AUTOS = YES_AGGRESSIVE;
				GCC_WARN_UNUSED_FUNCTION = YES;
				GCC_WARN_UNUSED_VARIABLE = YES;
				IPHONEOS_DEPLOYMENT_TARGET = 17.5;
				LOCALIZATION_PREFERS_STRING_CATALOGS = YES;
				MTL_ENABLE_DEBUG_INFO = NO;
				MTL_FAST_MATH = YES;
				SDKROOT = iphoneos;
				SWIFT_COMPILATION_MODE = wholemodule;
				VALIDATE_PRODUCT = YES;
			};
			name = Release;
		};
		A74068962C29B4C3001358EA /* Debug */ = {
			isa = XCBuildConfiguration;
			buildSettings = {
				ASSETCATALOG_COMPILER_APPICON_NAME = AppIcon;
				ASSETCATALOG_COMPILER_GLOBAL_ACCENT_COLOR_NAME = AccentColor;
				CODE_SIGN_STYLE = Automatic;
				CURRENT_PROJECT_VERSION = 1;
				DEVELOPMENT_ASSET_PATHS = "\"SearchAlgorithm/Preview Content\"";
				DEVELOPMENT_TEAM = Q42NF3HR3Y;
				ENABLE_PREVIEWS = YES;
				GENERATE_INFOPLIST_FILE = YES;
				INFOPLIST_KEY_CFBundleDisplayName = Graphy;
				INFOPLIST_KEY_UIApplicationSceneManifest_Generation = YES;
				INFOPLIST_KEY_UIApplicationSupportsIndirectInputEvents = YES;
				INFOPLIST_KEY_UILaunchScreen_Generation = YES;
				INFOPLIST_KEY_UISupportedInterfaceOrientations_iPad = "UIInterfaceOrientationPortrait UIInterfaceOrientationPortraitUpsideDown UIInterfaceOrientationLandscapeLeft UIInterfaceOrientationLandscapeRight";
				INFOPLIST_KEY_UISupportedInterfaceOrientations_iPhone = "UIInterfaceOrientationPortrait UIInterfaceOrientationLandscapeLeft UIInterfaceOrientationLandscapeRight";
				LD_RUNPATH_SEARCH_PATHS = (
					"$(inherited)",
					"@executable_path/Frameworks",
				);
				MARKETING_VERSION = 1.0;
				PRODUCT_BUNDLE_IDENTIFIER = graphy.SearchAlgorithm;
				PRODUCT_NAME = "$(TARGET_NAME)";
				SWIFT_EMIT_LOC_STRINGS = YES;
				SWIFT_VERSION = 5.0;
				TARGETED_DEVICE_FAMILY = "1,2";
			};
			name = Debug;
		};
		A74068972C29B4C3001358EA /* Release */ = {
			isa = XCBuildConfiguration;
			buildSettings = {
				ASSETCATALOG_COMPILER_APPICON_NAME = AppIcon;
				ASSETCATALOG_COMPILER_GLOBAL_ACCENT_COLOR_NAME = AccentColor;
				CODE_SIGN_STYLE = Automatic;
				CURRENT_PROJECT_VERSION = 1;
				DEVELOPMENT_ASSET_PATHS = "\"SearchAlgorithm/Preview Content\"";
				DEVELOPMENT_TEAM = Q42NF3HR3Y;
				ENABLE_PREVIEWS = YES;
				GENERATE_INFOPLIST_FILE = YES;
				INFOPLIST_KEY_CFBundleDisplayName = Graphy;
				INFOPLIST_KEY_UIApplicationSceneManifest_Generation = YES;
				INFOPLIST_KEY_UIApplicationSupportsIndirectInputEvents = YES;
				INFOPLIST_KEY_UILaunchScreen_Generation = YES;
				INFOPLIST_KEY_UISupportedInterfaceOrientations_iPad = "UIInterfaceOrientationPortrait UIInterfaceOrientationPortraitUpsideDown UIInterfaceOrientationLandscapeLeft UIInterfaceOrientationLandscapeRight";
				INFOPLIST_KEY_UISupportedInterfaceOrientations_iPhone = "UIInterfaceOrientationPortrait UIInterfaceOrientationLandscapeLeft UIInterfaceOrientationLandscapeRight";
				LD_RUNPATH_SEARCH_PATHS = (
					"$(inherited)",
					"@executable_path/Frameworks",
				);
				MARKETING_VERSION = 1.0;
				PRODUCT_BUNDLE_IDENTIFIER = graphy.SearchAlgorithm;
				PRODUCT_NAME = "$(TARGET_NAME)";
				SWIFT_EMIT_LOC_STRINGS = YES;
				SWIFT_VERSION = 5.0;
				TARGETED_DEVICE_FAMILY = "1,2";
			};
			name = Release;
		};
/* End XCBuildConfiguration section */

/* Begin XCConfigurationList section */
		A74068822C29B4C2001358EA /* Build configuration list for PBXProject "SearchAlgorithm" */ = {
			isa = XCConfigurationList;
			buildConfigurations = (
				A74068932C29B4C3001358EA /* Debug */,
				A74068942C29B4C3001358EA /* Release */,
			);
			defaultConfigurationIsVisible = 0;
			defaultConfigurationName = Release;
		};
		A74068952C29B4C3001358EA /* Build configuration list for PBXNativeTarget "SearchAlgorithm" */ = {
			isa = XCConfigurationList;
			buildConfigurations = (
				A74068962C29B4C3001358EA /* Debug */,
				A74068972C29B4C3001358EA /* Release */,
			);
			defaultConfigurationIsVisible = 0;
			defaultConfigurationName = Release;
		};
/* End XCConfigurationList section */
	};
	rootObject = A740687F2C29B4C2001358EA /* Project object */;
}
